
Microsoft Visual Studio Solution File, Format Version 12.00
# Visual Studio Version 17
VisualStudioVersion = 17.13.35919.96
MinimumVisualStudioVersion = 10.0.40219.1
Project("{FAE04EC0-301F-11D3-BF4B-00C04F79EFBC}") = "universityınfırmationsystem", "universityınfırmationsystem\universityınfırmationsystem.csproj", "{009DC315-CE98-4E7E-AC44-52954CACACB5}"
EndProject
Global
	GlobalSection(SolutionConfigurationPlatforms) = preSolution
		Debug|Any CPU = Debug|Any CPU
		Release|Any CPU = Release|Any CPU
	EndGlobalSection
	GlobalSection(ProjectConfigurationPlatforms) = postSolution
		{009DC315-CE98-4E7E-AC44-52954CACACB5}.Debug|Any CPU.ActiveCfg = Debug|Any CPU
		{009DC315-CE98-4E7E-AC44-52954CACACB5}.Debug|Any CPU.Build.0 = Debug|Any CPU
		{009DC315-CE98-4E7E-AC44-52954CACACB5}.Release|Any CPU.ActiveCfg = Release|Any CPU
		{009DC315-CE98-4E7E-AC44-52954CACACB5}.Release|Any CPU.Build.0 = Release|Any CPU
	EndGlobalSection
	GlobalSection(SolutionProperties) = preSolution
		HideSolutionNode = FALSE
	EndGlobalSection
	GlobalSection(ExtensibilityGlobals) = postSolution
		SolutionGuid = {9B7D3323-CC13-472B-A3BE-19EE28268836}
	EndGlobalSection
EndGlobal
